
Microsoft Visual Studio Solution File, Format Version 12.00
# Visual Studio Version 17
VisualStudioVersion = 17.10.35027.167
MinimumVisualStudioVersion = 10.0.40219.1
Project("{9A19103F-16F7-4668-BE54-9A1E7A4F7556}") = "DesignPatterns", "DesignPatterns\DesignPatterns.csproj", "{D79C2E61-3AC1-4779-9671-19B21914ECF7}"
EndProject
Project("{9A19103F-16F7-4668-BE54-9A1E7A4F7556}") = "Observer", "Observer\Observer.csproj", "{6A0F4F98-8EDB-47F2-86DC-83045C88FE68}"
EndProject
Project("{9A19103F-16F7-4668-BE54-9A1E7A4F7556}") = "Strategy", "Strategy\Strategy.csproj", "{50941C38-BF1A-4792-9ECE-6AF215E76C94}"
EndProject
Project("{9A19103F-16F7-4668-BE54-9A1E7A4F7556}") = "Decorator", "Decorator\Decorator.csproj", "{94E5970C-4C6E-42BB-9C11-963F6A603BD0}"
EndProject
Project("{FAE04EC0-301F-11D3-BF4B-00C04F79EFBC}") = "Factory", "Factory\Factory.csproj", "{A6000ADD-3663-4907-9C14-A1DA5A023998}"
EndProject
Project("{FAE04EC0-301F-11D3-BF4B-00C04F79EFBC}") = "AbstractFactory", "AbstractFactory\AbstractFactory.csproj", "{C75F705D-BE93-4F3B-849C-D0BFA82FECEB}"
EndProject
Global
	GlobalSection(SolutionConfigurationPlatforms) = preSolution
		Debug|Any CPU = Debug|Any CPU
		Release|Any CPU = Release|Any CPU
	EndGlobalSection
	GlobalSection(ProjectConfigurationPlatforms) = postSolution
		{D79C2E61-3AC1-4779-9671-19B21914ECF7}.Debug|Any CPU.ActiveCfg = Debug|Any CPU
		{D79C2E61-3AC1-4779-9671-19B21914ECF7}.Debug|Any CPU.Build.0 = Debug|Any CPU
		{D79C2E61-3AC1-4779-9671-19B21914ECF7}.Release|Any CPU.ActiveCfg = Release|Any CPU
		{D79C2E61-3AC1-4779-9671-19B21914ECF7}.Release|Any CPU.Build.0 = Release|Any CPU
		{6A0F4F98-8EDB-47F2-86DC-83045C88FE68}.Debug|Any CPU.ActiveCfg = Debug|Any CPU
		{6A0F4F98-8EDB-47F2-86DC-83045C88FE68}.Debug|Any CPU.Build.0 = Debug|Any CPU
		{6A0F4F98-8EDB-47F2-86DC-83045C88FE68}.Release|Any CPU.ActiveCfg = Release|Any CPU
		{6A0F4F98-8EDB-47F2-86DC-83045C88FE68}.Release|Any CPU.Build.0 = Release|Any CPU
		{50941C38-BF1A-4792-9ECE-6AF215E76C94}.Debug|Any CPU.ActiveCfg = Debug|Any CPU
		{50941C38-BF1A-4792-9ECE-6AF215E76C94}.Debug|Any CPU.Build.0 = Debug|Any CPU
		{50941C38-BF1A-4792-9ECE-6AF215E76C94}.Release|Any CPU.ActiveCfg = Release|Any CPU
		{50941C38-BF1A-4792-9ECE-6AF215E76C94}.Release|Any CPU.Build.0 = Release|Any CPU
		{94E5970C-4C6E-42BB-9C11-963F6A603BD0}.Debug|Any CPU.ActiveCfg = Debug|Any CPU
		{94E5970C-4C6E-42BB-9C11-963F6A603BD0}.Debug|Any CPU.Build.0 = Debug|Any CPU
		{94E5970C-4C6E-42BB-9C11-963F6A603BD0}.Release|Any CPU.ActiveCfg = Release|Any CPU
		{94E5970C-4C6E-42BB-9C11-963F6A603BD0}.Release|Any CPU.Build.0 = Release|Any CPU
		{A6000ADD-3663-4907-9C14-A1DA5A023998}.Debug|Any CPU.ActiveCfg = Debug|Any CPU
		{A6000ADD-3663-4907-9C14-A1DA5A023998}.Debug|Any CPU.Build.0 = Debug|Any CPU
		{A6000ADD-3663-4907-9C14-A1DA5A023998}.Release|Any CPU.ActiveCfg = Release|Any CPU
		{A6000ADD-3663-4907-9C14-A1DA5A023998}.Release|Any CPU.Build.0 = Release|Any CPU
		{C75F705D-BE93-4F3B-849C-D0BFA82FECEB}.Debug|Any CPU.ActiveCfg = Debug|Any CPU
		{C75F705D-BE93-4F3B-849C-D0BFA82FECEB}.Debug|Any CPU.Build.0 = Debug|Any CPU
		{C75F705D-BE93-4F3B-849C-D0BFA82FECEB}.Release|Any CPU.ActiveCfg = Release|Any CPU
		{C75F705D-BE93-4F3B-849C-D0BFA82FECEB}.Release|Any CPU.Build.0 = Release|Any CPU
	EndGlobalSection
	GlobalSection(SolutionProperties) = preSolution
		HideSolutionNode = FALSE
	EndGlobalSection
	GlobalSection(ExtensibilityGlobals) = postSolution
		SolutionGuid = {6F294719-E15A-4B0F-9832-85CC6F6A9919}
	EndGlobalSection
EndGlobal
